
Microsoft Visual Studio Solution File, Format Version 12.00
# Visual Studio Version 17
VisualStudioVersion = 17.8.34330.188
MinimumVisualStudioVersion = 10.0.40219.1
Project("{FAE04EC0-301F-11D3-BF4B-00C04F79EFBC}") = "EFCodeFirstApp", "EFCodeFirstApp.csproj", "{E5EC5C39-3158-4003-9B4E-80FADAA5443B}"
EndProject
Global
	GlobalSection(SolutionConfigurationPlatforms) = preSolution
		Debug|Any CPU = Debug|Any CPU
		Release|Any CPU = Release|Any CPU
	EndGlobalSection
	GlobalSection(ProjectConfigurationPlatforms) = postSolution
		{E5EC5C39-3158-4003-9B4E-80FADAA5443B}.Debug|Any CPU.ActiveCfg = Debug|Any CPU
		{E5EC5C39-3158-4003-9B4E-80FADAA5443B}.Debug|Any CPU.Build.0 = Debug|Any CPU
		{E5EC5C39-3158-4003-9B4E-80FADAA5443B}.Release|Any CPU.ActiveCfg = Release|Any CPU
		{E5EC5C39-3158-4003-9B4E-80FADAA5443B}.Release|Any CPU.Build.0 = Release|Any CPU
	EndGlobalSection
	GlobalSection(SolutionProperties) = preSolution
		HideSolutionNode = FALSE
	EndGlobalSection
	GlobalSection(ExtensibilityGlobals) = postSolution
		SolutionGuid = {FD0BC268-CE05-4758-9086-A9B7D6F12166}
	EndGlobalSection
EndGlobal
